
Microsoft Visual Studio Solution File, Format Version 12.00
# Visual Studio 2013
VisualStudioVersion = 12.0.30723.0
MinimumVisualStudioVersion = 10.0.40219.1
Project("{FAE04EC0-301F-11D3-BF4B-00C04F79EFBC}") = "InternalCargoWiseReport", "InternalCargoWiseReport\InternalCargoWiseReport.csproj", "{34D4959F-5C74-4A0B-9E74-F72584F89A36}"
EndProject
Project("{FAE04EC0-301F-11D3-BF4B-00C04F79EFBC}") = "ICWR.Query", "ICWR.Query\ICWR.Query.csproj", "{B07142CA-ECDC-4341-B5AA-EFAF5B205D9D}"
EndProject
Global
	GlobalSection(SolutionConfigurationPlatforms) = preSolution
		Debug|Any CPU = Debug|Any CPU
		Release|Any CPU = Release|Any CPU
	EndGlobalSection
	GlobalSection(ProjectConfigurationPlatforms) = postSolution
		{34D4959F-5C74-4A0B-9E74-F72584F89A36}.Debug|Any CPU.ActiveCfg = Debug|Any CPU
		{34D4959F-5C74-4A0B-9E74-F72584F89A36}.Debug|Any CPU.Build.0 = Debug|Any CPU
		{34D4959F-5C74-4A0B-9E74-F72584F89A36}.Release|Any CPU.ActiveCfg = Release|Any CPU
		{34D4959F-5C74-4A0B-9E74-F72584F89A36}.Release|Any CPU.Build.0 = Release|Any CPU
		{B07142CA-ECDC-4341-B5AA-EFAF5B205D9D}.Debug|Any CPU.ActiveCfg = Debug|Any CPU
		{B07142CA-ECDC-4341-B5AA-EFAF5B205D9D}.Debug|Any CPU.Build.0 = Debug|Any CPU
		{B07142CA-ECDC-4341-B5AA-EFAF5B205D9D}.Release|Any CPU.ActiveCfg = Release|Any CPU
		{B07142CA-ECDC-4341-B5AA-EFAF5B205D9D}.Release|Any CPU.Build.0 = Release|Any CPU
	EndGlobalSection
	GlobalSection(SolutionProperties) = preSolution
		HideSolutionNode = FALSE
	EndGlobalSection
EndGlobal
